
Microsoft Visual Studio Solution File, Format Version 12.00
# Visual Studio Version 16
VisualStudioVersion = 16.0.30804.86
MinimumVisualStudioVersion = 10.0.40219.1
Project("{FAE04EC0-301F-11D3-BF4B-00C04F79EFBC}") = "ArduinoTestSim", "ArduinoTestSim\ArduinoTestSim.csproj", "{278BE85D-8794-4276-A8D3-40088AE01B6F}"
EndProject
Global
	GlobalSection(SolutionConfigurationPlatforms) = preSolution
		Debug|Any CPU = Debug|Any CPU
		Release|Any CPU = Release|Any CPU
	EndGlobalSection
	GlobalSection(ProjectConfigurationPlatforms) = postSolution
		{278BE85D-8794-4276-A8D3-40088AE01B6F}.Debug|Any CPU.ActiveCfg = Debug|Any CPU
		{278BE85D-8794-4276-A8D3-40088AE01B6F}.Debug|Any CPU.Build.0 = Debug|Any CPU
		{278BE85D-8794-4276-A8D3-40088AE01B6F}.Release|Any CPU.ActiveCfg = Release|Any CPU
		{278BE85D-8794-4276-A8D3-40088AE01B6F}.Release|Any CPU.Build.0 = Release|Any CPU
	EndGlobalSection
	GlobalSection(SolutionProperties) = preSolution
		HideSolutionNode = FALSE
	EndGlobalSection
	GlobalSection(ExtensibilityGlobals) = postSolution
		SolutionGuid = {5DFFB58A-3968-484C-A21B-812A9FF1F817}
	EndGlobalSection
EndGlobal
